{
    "_readme": [
        "This file locks the dependencies of your project to a known state",
        "Read more about it at https://getcomposer.org/doc/01-basic-usage.md#composer-lock-the-lock-file",
        "This file is @generated automatically"
    ],
    "hash": "03ae3a8d654a86af7d0b5617e2fe61bb",
    "content-hash": "ccb1dc707c79e154ad6d5a937908eb61",
    "packages": [
        {
            "name": "4slv/helper",
            "version": "v1.0.1",
            "source": {
                "type": "git",
                "url": "https://github.com/4slv/helper.git",
                "reference": "5e93eb1627cd0c7119e446764244a70e8129ae18"
            },
            "dist": {
                "type": "zip",
                "url": "https://api.github.com/repos/4slv/helper/zipball/5e93eb1627cd0c7119e446764244a70e8129ae18",
                "reference": "5e93eb1627cd0c7119e446764244a70e8129ae18",
                "shasum": ""
            },
            "type": "library",
            "autoload": {
                "psr-4": {
                    "Slov\\Helper\\": ""
                }
            },
            "notification-url": "https://packagist.org/downloads/",
            "license": [
                "MIT"
            ],
            "authors": [
                {
                    "name": "Alexey Dobrynin",
                    "email": "a.dobrynin@4slovo.ru"
                }
            ],
            "description": "helper functions",
            "time": "2018-05-29 05:38:54"
        },
        {
            "name": "romaricdrigon/metayaml",
            "version": "1.1",
            "source": {
                "type": "git",
                "url": "https://github.com/romaricdrigon/MetaYaml.git",
                "reference": "03b0af567981a8a060606989c395974baf385bd1"
            },
            "dist": {
                "type": "zip",
                "url": "https://api.github.com/repos/romaricdrigon/MetaYaml/zipball/03b0af567981a8a060606989c395974baf385bd1",
                "reference": "03b0af567981a8a060606989c395974baf385bd1",
                "shasum": ""
            },
            "require": {
                "php": ">=5.3.3",
                "symfony/yaml": "~2.3|~3.0"
            },
            "require-dev": {
                "atoum/atoum": "~1"
            },
            "type": "library",
            "autoload": {
                "psr-0": {
                    "RomaricDrigon\\MetaYaml": "src/"
                }
            },
            "notification-url": "https://packagist.org/downloads/",
            "license": [
                "MIT"
            ],
            "description": "Using [Yaml|Xml|json] schemas files to validate [Yaml|Xml|json] ",
            "homepage": "http://github.com/romaricdrigon/MetaYaml",
            "keywords": [
                "json",
                "schema",
                "validation",
                "xml",
                "yaml"
            ],
            "time": "2016-02-29 10:28:30"
        },
        {
            "name": "symfony/polyfill-ctype",
            "version": "v1.8.0",
            "source": {
                "type": "git",
                "url": "https://github.com/symfony/polyfill-ctype.git",
                "reference": "7cc359f1b7b80fc25ed7796be7d96adc9b354bae"
            },
            "dist": {
                "type": "zip",
                "url": "https://api.github.com/repos/symfony/polyfill-ctype/zipball/7cc359f1b7b80fc25ed7796be7d96adc9b354bae",
                "reference": "7cc359f1b7b80fc25ed7796be7d96adc9b354bae",
                "shasum": ""
            },
            "require": {
                "php": ">=5.3.3"
            },
            "type": "library",
            "extra": {
                "branch-alias": {
                    "dev-master": "1.8-dev"
                }
            },
            "autoload": {
                "psr-4": {
                    "Symfony\\Polyfill\\Ctype\\": ""
                },
                "files": [
                    "bootstrap.php"
                ]
            },
            "notification-url": "https://packagist.org/downloads/",
            "license": [
                "MIT"
            ],
            "authors": [
                {
                    "name": "Symfony Community",
                    "homepage": "https://symfony.com/contributors"
                },
                {
                    "name": "Gert de Pagter",
                    "email": "BackEndTea@gmail.com"
                }
            ],
            "description": "Symfony polyfill for ctype functions",
            "homepage": "https://symfony.com",
            "keywords": [
                "compatibility",
                "ctype",
                "polyfill",
                "portable"
            ],
            "time": "2018-04-30 19:57:29"
        },
        {
            "name": "symfony/yaml",
            "version": "v2.8.41",
            "source": {
                "type": "git",
                "url": "https://github.com/symfony/yaml.git",
                "reference": "51356b7a2ff7c9fd06b2f1681cc463bb62b5c1ff"
            },
            "dist": {
                "type": "zip",
                "url": "https://api.github.com/repos/symfony/yaml/zipball/51356b7a2ff7c9fd06b2f1681cc463bb62b5c1ff",
                "reference": "51356b7a2ff7c9fd06b2f1681cc463bb62b5c1ff",
                "shasum": ""
            },
            "require": {
                "php": ">=5.3.9",
                "symfony/polyfill-ctype": "~1.8"
            },
            "type": "library",
            "extra": {
                "branch-alias": {
                    "dev-master": "2.8-dev"
                }
            },
            "autoload": {
                "psr-4": {
                    "Symfony\\Component\\Yaml\\": ""
                },
                "exclude-from-classmap": [
                    "/Tests/"
                ]
            },
            "notification-url": "https://packagist.org/downloads/",
            "license": [
                "MIT"
            ],
            "authors": [
                {
                    "name": "Fabien Potencier",
                    "email": "fabien@symfony.com"
                },
                {
                    "name": "Symfony Community",
                    "homepage": "https://symfony.com/contributors"
                }
            ],
            "description": "Symfony Yaml Component",
            "homepage": "https://symfony.com",
            "time": "2018-05-01 22:52:40"
        }
    ],
    "packages-dev": [],
    "aliases": [],
    "minimum-stability": "stable",
    "stability-flags": [],
    "prefer-stable": false,
    "prefer-lowest": false,
    "platform": {
        "php": ">=5.4.0"
    },
    "platform-dev": []
}
